
Microsoft Visual Studio Solution File, Format Version 12.00
# Visual Studio Version 17
VisualStudioVersion = 17.9.34723.18
MinimumVisualStudioVersion = 10.0.40219.1
Project("{8BC9CEB8-8B4A-11D0-8D11-00A0C91BC942}") = "Engine", "Engine\Engine.vcxproj", "{0028759F-270D-43C2-BF07-D42EE52A9099}"
EndProject
Project("{8BC9CEB8-8B4A-11D0-8D11-00A0C91BC942}") = "dx11_BlinnPhong", "examples\dx11_BlinnPhong\dx11_BlinnPhong.vcxproj", "{78363D0F-B5F6-45A8-9451-F3F9FF4DC359}"
	ProjectSection(ProjectDependencies) = postProject
		{0028759F-270D-43C2-BF07-D42EE52A9099} = {0028759F-270D-43C2-BF07-D42EE52A9099}
	EndProjectSection
EndProject
Project("{8BC9CEB8-8B4A-11D0-8D11-00A0C91BC942}") = "billboard", "examples\billboard\billboard.vcxproj", "{6155124B-9031-48E1-A392-0CFD35A2AF8D}"
	ProjectSection(ProjectDependencies) = postProject
		{0028759F-270D-43C2-BF07-D42EE52A9099} = {0028759F-270D-43C2-BF07-D42EE52A9099}
	EndProjectSection
EndProject
Project("{2150E333-8FDC-42A3-9474-1A3956D46DE8}") = "examples", "examples", "{1710B7C2-B543-47CB-9218-4EDB51C903F1}"
EndProject
Project("{8BC9CEB8-8B4A-11D0-8D11-00A0C91BC942}") = "textures", "examples\textures\textures.vcxproj", "{10ED8EA3-92E7-43A2-A1A2-0D8119FCC59A}"
EndProject
Project("{8BC9CEB8-8B4A-11D0-8D11-00A0C91BC942}") = "HDR", "examples\HDR\HDR.vcxproj", "{FF0E62F7-9E80-4474-9A82-631309F0AEDB}"
EndProject
Project("{8BC9CEB8-8B4A-11D0-8D11-00A0C91BC942}") = "Mirror", "examples\Mirror\Mirror.vcxproj", "{056FFEB4-9F83-4809-A1E7-88B821C29DA6}"
	ProjectSection(ProjectDependencies) = postProject
		{0028759F-270D-43C2-BF07-D42EE52A9099} = {0028759F-270D-43C2-BF07-D42EE52A9099}
	EndProjectSection
EndProject
Project("{8BC9CEB8-8B4A-11D0-8D11-00A0C91BC942}") = "Compute", "examples\Compute\Compute.vcxproj", "{489C6278-2F85-40BB-89C5-B2379010B444}"
EndProject
Project("{8BC9CEB8-8B4A-11D0-8D11-00A0C91BC942}") = "MouseEffect", "examples\MouseEffect\MouseEffect.vcxproj", "{84C4597F-11A8-446B-991E-C7C0999CC450}"
	ProjectSection(ProjectDependencies) = postProject
		{0028759F-270D-43C2-BF07-D42EE52A9099} = {0028759F-270D-43C2-BF07-D42EE52A9099}
	EndProjectSection
EndProject
Project("{8BC9CEB8-8B4A-11D0-8D11-00A0C91BC942}") = "Particle", "examples\Particle\Particle.vcxproj", "{2E735CF6-DF50-4838-A6B4-FD77FE405E2C}"
EndProject
Project("{8BC9CEB8-8B4A-11D0-8D11-00A0C91BC942}") = "MouseInteraction", "examples\MouseInteraction\MouseInteraction.vcxproj", "{F7574DCA-2EFE-4356-9188-182EE187B47C}"
	ProjectSection(ProjectDependencies) = postProject
		{0028759F-270D-43C2-BF07-D42EE52A9099} = {0028759F-270D-43C2-BF07-D42EE52A9099}
	EndProjectSection
EndProject
Project("{2150E333-8FDC-42A3-9474-1A3956D46DE8}") = "opengl", "opengl", "{D71D1DF7-5EE5-41CA-8B6B-A22D052AC322}"
EndProject
Project("{2150E333-8FDC-42A3-9474-1A3956D46DE8}") = "dx11", "dx11", "{9B225413-8FF6-449C-9E3B-E018196B2C4E}"
EndProject
Project("{8BC9CEB8-8B4A-11D0-8D11-00A0C91BC942}") = "gl_drawCube", "examples\gl_drawCube\gl_drawCube.vcxproj", "{4EB8932C-2E5A-4CB5-B745-60A0A6EDBEFF}"
EndProject
Project("{8BC9CEB8-8B4A-11D0-8D11-00A0C91BC942}") = "gl_BVHTree", "examples\gl_BVHTree\gl_BVHTree.vcxproj", "{92736C2F-671C-49B7-AA41-DD6D310AE9BE}"
EndProject
Global
	GlobalSection(SolutionConfigurationPlatforms) = preSolution
		Debug|x64 = Debug|x64
		Debug|x86 = Debug|x86
		Release|x64 = Release|x64
		Release|x86 = Release|x86
	EndGlobalSection
	GlobalSection(ProjectConfigurationPlatforms) = postSolution
		{0028759F-270D-43C2-BF07-D42EE52A9099}.Debug|x64.ActiveCfg = Debug|x64
		{0028759F-270D-43C2-BF07-D42EE52A9099}.Debug|x64.Build.0 = Debug|x64
		{0028759F-270D-43C2-BF07-D42EE52A9099}.Debug|x86.ActiveCfg = Debug|Win32
		{0028759F-270D-43C2-BF07-D42EE52A9099}.Debug|x86.Build.0 = Debug|Win32
		{0028759F-270D-43C2-BF07-D42EE52A9099}.Release|x64.ActiveCfg = Release|x64
		{0028759F-270D-43C2-BF07-D42EE52A9099}.Release|x64.Build.0 = Release|x64
		{0028759F-270D-43C2-BF07-D42EE52A9099}.Release|x86.ActiveCfg = Release|Win32
		{0028759F-270D-43C2-BF07-D42EE52A9099}.Release|x86.Build.0 = Release|Win32
		{78363D0F-B5F6-45A8-9451-F3F9FF4DC359}.Debug|x64.ActiveCfg = Debug|x64
		{78363D0F-B5F6-45A8-9451-F3F9FF4DC359}.Debug|x64.Build.0 = Debug|x64
		{78363D0F-B5F6-45A8-9451-F3F9FF4DC359}.Debug|x86.ActiveCfg = Debug|Win32
		{78363D0F-B5F6-45A8-9451-F3F9FF4DC359}.Debug|x86.Build.0 = Debug|Win32
		{78363D0F-B5F6-45A8-9451-F3F9FF4DC359}.Release|x64.ActiveCfg = Release|x64
		{78363D0F-B5F6-45A8-9451-F3F9FF4DC359}.Release|x64.Build.0 = Release|x64
		{78363D0F-B5F6-45A8-9451-F3F9FF4DC359}.Release|x86.ActiveCfg = Release|Win32
		{78363D0F-B5F6-45A8-9451-F3F9FF4DC359}.Release|x86.Build.0 = Release|Win32
		{6155124B-9031-48E1-A392-0CFD35A2AF8D}.Debug|x64.ActiveCfg = Debug|x64
		{6155124B-9031-48E1-A392-0CFD35A2AF8D}.Debug|x64.Build.0 = Debug|x64
		{6155124B-9031-48E1-A392-0CFD35A2AF8D}.Debug|x86.ActiveCfg = Debug|Win32
		{6155124B-9031-48E1-A392-0CFD35A2AF8D}.Debug|x86.Build.0 = Debug|Win32
		{6155124B-9031-48E1-A392-0CFD35A2AF8D}.Release|x64.ActiveCfg = Release|x64
		{6155124B-9031-48E1-A392-0CFD35A2AF8D}.Release|x64.Build.0 = Release|x64
		{6155124B-9031-48E1-A392-0CFD35A2AF8D}.Release|x86.ActiveCfg = Release|Win32
		{6155124B-9031-48E1-A392-0CFD35A2AF8D}.Release|x86.Build.0 = Release|Win32
		{10ED8EA3-92E7-43A2-A1A2-0D8119FCC59A}.Debug|x64.ActiveCfg = Debug|x64
		{10ED8EA3-92E7-43A2-A1A2-0D8119FCC59A}.Debug|x64.Build.0 = Debug|x64
		{10ED8EA3-92E7-43A2-A1A2-0D8119FCC59A}.Debug|x86.ActiveCfg = Debug|Win32
		{10ED8EA3-92E7-43A2-A1A2-0D8119FCC59A}.Debug|x86.Build.0 = Debug|Win32
		{10ED8EA3-92E7-43A2-A1A2-0D8119FCC59A}.Release|x64.ActiveCfg = Release|x64
		{10ED8EA3-92E7-43A2-A1A2-0D8119FCC59A}.Release|x64.Build.0 = Release|x64
		{10ED8EA3-92E7-43A2-A1A2-0D8119FCC59A}.Release|x86.ActiveCfg = Release|Win32
		{10ED8EA3-92E7-43A2-A1A2-0D8119FCC59A}.Release|x86.Build.0 = Release|Win32
		{FF0E62F7-9E80-4474-9A82-631309F0AEDB}.Debug|x64.ActiveCfg = Debug|x64
		{FF0E62F7-9E80-4474-9A82-631309F0AEDB}.Debug|x64.Build.0 = Debug|x64
		{FF0E62F7-9E80-4474-9A82-631309F0AEDB}.Debug|x86.ActiveCfg = Debug|Win32
		{FF0E62F7-9E80-4474-9A82-631309F0AEDB}.Debug|x86.Build.0 = Debug|Win32
		{FF0E62F7-9E80-4474-9A82-631309F0AEDB}.Release|x64.ActiveCfg = Release|x64
		{FF0E62F7-9E80-4474-9A82-631309F0AEDB}.Release|x64.Build.0 = Release|x64
		{FF0E62F7-9E80-4474-9A82-631309F0AEDB}.Release|x86.ActiveCfg = Release|Win32
		{FF0E62F7-9E80-4474-9A82-631309F0AEDB}.Release|x86.Build.0 = Release|Win32
		{056FFEB4-9F83-4809-A1E7-88B821C29DA6}.Debug|x64.ActiveCfg = Debug|x64
		{056FFEB4-9F83-4809-A1E7-88B821C29DA6}.Debug|x64.Build.0 = Debug|x64
		{056FFEB4-9F83-4809-A1E7-88B821C29DA6}.Debug|x86.ActiveCfg = Debug|Win32
		{056FFEB4-9F83-4809-A1E7-88B821C29DA6}.Debug|x86.Build.0 = Debug|Win32
		{056FFEB4-9F83-4809-A1E7-88B821C29DA6}.Release|x64.ActiveCfg = Release|x64
		{056FFEB4-9F83-4809-A1E7-88B821C29DA6}.Release|x64.Build.0 = Release|x64
		{056FFEB4-9F83-4809-A1E7-88B821C29DA6}.Release|x86.ActiveCfg = Release|Win32
		{056FFEB4-9F83-4809-A1E7-88B821C29DA6}.Release|x86.Build.0 = Release|Win32
		{489C6278-2F85-40BB-89C5-B2379010B444}.Debug|x64.ActiveCfg = Debug|x64
		{489C6278-2F85-40BB-89C5-B2379010B444}.Debug|x64.Build.0 = Debug|x64
		{489C6278-2F85-40BB-89C5-B2379010B444}.Debug|x86.ActiveCfg = Debug|Win32
		{489C6278-2F85-40BB-89C5-B2379010B444}.Debug|x86.Build.0 = Debug|Win32
		{489C6278-2F85-40BB-89C5-B2379010B444}.Release|x64.ActiveCfg = Release|x64
		{489C6278-2F85-40BB-89C5-B2379010B444}.Release|x64.Build.0 = Release|x64
		{489C6278-2F85-40BB-89C5-B2379010B444}.Release|x86.ActiveCfg = Release|Win32
		{489C6278-2F85-40BB-89C5-B2379010B444}.Release|x86.Build.0 = Release|Win32
		{84C4597F-11A8-446B-991E-C7C0999CC450}.Debug|x64.ActiveCfg = Debug|x64
		{84C4597F-11A8-446B-991E-C7C0999CC450}.Debug|x64.Build.0 = Debug|x64
		{84C4597F-11A8-446B-991E-C7C0999CC450}.Debug|x86.ActiveCfg = Debug|Win32
		{84C4597F-11A8-446B-991E-C7C0999CC450}.Debug|x86.Build.0 = Debug|Win32
		{84C4597F-11A8-446B-991E-C7C0999CC450}.Release|x64.ActiveCfg = Release|x64
		{84C4597F-11A8-446B-991E-C7C0999CC450}.Release|x64.Build.0 = Release|x64
		{84C4597F-11A8-446B-991E-C7C0999CC450}.Release|x86.ActiveCfg = Release|Win32
		{84C4597F-11A8-446B-991E-C7C0999CC450}.Release|x86.Build.0 = Release|Win32
		{2E735CF6-DF50-4838-A6B4-FD77FE405E2C}.Debug|x64.ActiveCfg = Debug|x64
		{2E735CF6-DF50-4838-A6B4-FD77FE405E2C}.Debug|x64.Build.0 = Debug|x64
		{2E735CF6-DF50-4838-A6B4-FD77FE405E2C}.Debug|x86.ActiveCfg = Debug|Win32
		{2E735CF6-DF50-4838-A6B4-FD77FE405E2C}.Debug|x86.Build.0 = Debug|Win32
		{2E735CF6-DF50-4838-A6B4-FD77FE405E2C}.Release|x64.ActiveCfg = Release|x64
		{2E735CF6-DF50-4838-A6B4-FD77FE405E2C}.Release|x64.Build.0 = Release|x64
		{2E735CF6-DF50-4838-A6B4-FD77FE405E2C}.Release|x86.ActiveCfg = Release|Win32
		{2E735CF6-DF50-4838-A6B4-FD77FE405E2C}.Release|x86.Build.0 = Release|Win32
		{F7574DCA-2EFE-4356-9188-182EE187B47C}.Debug|x64.ActiveCfg = Debug|x64
		{F7574DCA-2EFE-4356-9188-182EE187B47C}.Debug|x64.Build.0 = Debug|x64
		{F7574DCA-2EFE-4356-9188-182EE187B47C}.Debug|x86.ActiveCfg = Debug|Win32
		{F7574DCA-2EFE-4356-9188-182EE187B47C}.Debug|x86.Build.0 = Debug|Win32
		{F7574DCA-2EFE-4356-9188-182EE187B47C}.Release|x64.ActiveCfg = Release|x64
		{F7574DCA-2EFE-4356-9188-182EE187B47C}.Release|x64.Build.0 = Release|x64
		{F7574DCA-2EFE-4356-9188-182EE187B47C}.Release|x86.ActiveCfg = Release|Win32
		{F7574DCA-2EFE-4356-9188-182EE187B47C}.Release|x86.Build.0 = Release|Win32
		{4EB8932C-2E5A-4CB5-B745-60A0A6EDBEFF}.Debug|x64.ActiveCfg = Debug|x64
		{4EB8932C-2E5A-4CB5-B745-60A0A6EDBEFF}.Debug|x64.Build.0 = Debug|x64
		{4EB8932C-2E5A-4CB5-B745-60A0A6EDBEFF}.Debug|x86.ActiveCfg = Debug|Win32
		{4EB8932C-2E5A-4CB5-B745-60A0A6EDBEFF}.Debug|x86.Build.0 = Debug|Win32
		{4EB8932C-2E5A-4CB5-B745-60A0A6EDBEFF}.Release|x64.ActiveCfg = Release|x64
		{4EB8932C-2E5A-4CB5-B745-60A0A6EDBEFF}.Release|x64.Build.0 = Release|x64
		{4EB8932C-2E5A-4CB5-B745-60A0A6EDBEFF}.Release|x86.ActiveCfg = Release|Win32
		{4EB8932C-2E5A-4CB5-B745-60A0A6EDBEFF}.Release|x86.Build.0 = Release|Win32
		{92736C2F-671C-49B7-AA41-DD6D310AE9BE}.Debug|x64.ActiveCfg = Debug|x64
		{92736C2F-671C-49B7-AA41-DD6D310AE9BE}.Debug|x64.Build.0 = Debug|x64
		{92736C2F-671C-49B7-AA41-DD6D310AE9BE}.Debug|x86.ActiveCfg = Debug|Win32
		{92736C2F-671C-49B7-AA41-DD6D310AE9BE}.Debug|x86.Build.0 = Debug|Win32
		{92736C2F-671C-49B7-AA41-DD6D310AE9BE}.Release|x64.ActiveCfg = Release|x64
		{92736C2F-671C-49B7-AA41-DD6D310AE9BE}.Release|x64.Build.0 = Release|x64
		{92736C2F-671C-49B7-AA41-DD6D310AE9BE}.Release|x86.ActiveCfg = Release|Win32
		{92736C2F-671C-49B7-AA41-DD6D310AE9BE}.Release|x86.Build.0 = Release|Win32
	EndGlobalSection
	GlobalSection(SolutionProperties) = preSolution
		HideSolutionNode = FALSE
	EndGlobalSection
	GlobalSection(NestedProjects) = preSolution
		{78363D0F-B5F6-45A8-9451-F3F9FF4DC359} = {9B225413-8FF6-449C-9E3B-E018196B2C4E}
		{6155124B-9031-48E1-A392-0CFD35A2AF8D} = {9B225413-8FF6-449C-9E3B-E018196B2C4E}
		{10ED8EA3-92E7-43A2-A1A2-0D8119FCC59A} = {9B225413-8FF6-449C-9E3B-E018196B2C4E}
		{FF0E62F7-9E80-4474-9A82-631309F0AEDB} = {9B225413-8FF6-449C-9E3B-E018196B2C4E}
		{056FFEB4-9F83-4809-A1E7-88B821C29DA6} = {9B225413-8FF6-449C-9E3B-E018196B2C4E}
		{489C6278-2F85-40BB-89C5-B2379010B444} = {9B225413-8FF6-449C-9E3B-E018196B2C4E}
		{84C4597F-11A8-446B-991E-C7C0999CC450} = {9B225413-8FF6-449C-9E3B-E018196B2C4E}
		{2E735CF6-DF50-4838-A6B4-FD77FE405E2C} = {9B225413-8FF6-449C-9E3B-E018196B2C4E}
		{F7574DCA-2EFE-4356-9188-182EE187B47C} = {9B225413-8FF6-449C-9E3B-E018196B2C4E}
		{D71D1DF7-5EE5-41CA-8B6B-A22D052AC322} = {1710B7C2-B543-47CB-9218-4EDB51C903F1}
		{9B225413-8FF6-449C-9E3B-E018196B2C4E} = {1710B7C2-B543-47CB-9218-4EDB51C903F1}
		{4EB8932C-2E5A-4CB5-B745-60A0A6EDBEFF} = {D71D1DF7-5EE5-41CA-8B6B-A22D052AC322}
		{92736C2F-671C-49B7-AA41-DD6D310AE9BE} = {D71D1DF7-5EE5-41CA-8B6B-A22D052AC322}
	EndGlobalSection
	GlobalSection(ExtensibilityGlobals) = postSolution
		SolutionGuid = {2645D2D8-A48D-47E6-9535-598B39DB047C}
	EndGlobalSection
EndGlobal
