<?xml version="1.0" encoding="utf-8"?>
<Project ToolsVersion="4.0" xmlns="http://schemas.microsoft.com/developer/msbuild/2003">
  <ItemGroup>
    <ClCompile Include="include\libEngine\MemDB.cpp" />
    <ClCompile Include="include\libEngine\shared\CameraBuffer.cpp">
      <Filter>shared</Filter>
    </ClCompile>
    <ClCompile Include="include\libEngine\shared\MeshBufferBase.tpp">
      <Filter>shared</Filter>
    </ClCompile>
    <ClCompile Include="include\libEngine\shared\ShaderBufferBase.tpp">
      <Filter>shared</Filter>
    </ClCompile>
    <ClCompile Include="include\libEngine\opengl\glMeshBuffer.tpp">
      <Filter>opengl</Filter>
    </ClCompile>
    <ClCompile Include="include\libEngine\opengl\glShaderBuffer.tpp">
      <Filter>opengl</Filter>
    </ClCompile>
    <ClCompile Include="include\libEngine\shared\RendererBase.cpp">
      <Filter>shared</Filter>
    </ClCompile>
    <ClCompile Include="include\libEngine\opengl\glRenderer.cpp">
      <Filter>opengl</Filter>
    </ClCompile>
    <ClCompile Include="include\libEngine\utils\toybox.cpp">
      <Filter>utils</Filter>
    </ClCompile>
    <ClCompile Include="include\libEngine\API.cpp" />
    <ClCompile Include="include\libEngine\shared\Mesh.cpp">
      <Filter>shared</Filter>
    </ClCompile>
    <ClCompile Include="include\libEngine\shared\Vertex.cpp">
      <Filter>shared</Filter>
    </ClCompile>
    <ClCompile Include="include\libEngine\opengl\glMesh.cpp">
      <Filter>opengl</Filter>
    </ClCompile>
    <ClCompile Include="include\libEngine\dx11\dxMesh.cpp">
      <Filter>dx11</Filter>
    </ClCompile>
    <ClCompile Include="include\libEngine\dx11\dxMeshBuffer.tpp">
      <Filter>dx11</Filter>
    </ClCompile>
    <ClCompile Include="include\libEngine\dx11\dxRenderer.cpp">
      <Filter>dx11</Filter>
    </ClCompile>
    <ClCompile Include="include\libEngine\dx11\dxShaderBuffer.tpp">
      <Filter>dx11</Filter>
    </ClCompile>
    <ClCompile Include="include\libEngine\opengl\glTexture.cpp">
      <Filter>opengl</Filter>
    </ClCompile>
    <ClCompile Include="include\libEngine\shared\TextureBufferBase.cpp">
      <Filter>shared</Filter>
    </ClCompile>
    <ClCompile Include="include\libEngine\dx11\dxTexture.cpp">
      <Filter>dx11</Filter>
    </ClCompile>
    <ClCompile Include="include\libEngine\dx11\dxMemoryDB.cpp">
      <Filter>dx11</Filter>
    </ClCompile>
    <ClCompile Include="include\libEngine\shared\CubeMapBase.cpp">
      <Filter>shared</Filter>
    </ClCompile>
    <ClCompile Include="include\libEngine\dx11\dxCubemap.cpp">
      <Filter>dx11</Filter>
    </ClCompile>
    <ClCompile Include="include\libEngine\model\ConstBase.cpp">
      <Filter>model</Filter>
    </ClCompile>
    <ClCompile Include="include\libEngine\opengl\glCubemap.cpp">
      <Filter>opengl</Filter>
    </ClCompile>
  </ItemGroup>
  <ItemGroup>
    <ClInclude Include="include\libEngine\MemDB.h" />
    <ClInclude Include="include\libEngine\shared\CameraBuffer.h">
      <Filter>shared</Filter>
    </ClInclude>
    <ClInclude Include="include\libEngine\shared\MeshBufferBase.h">
      <Filter>shared</Filter>
    </ClInclude>
    <ClInclude Include="include\libEngine\shared\ShaderBufferBase.h">
      <Filter>shared</Filter>
    </ClInclude>
    <ClInclude Include="include\libEngine\shared\Mesh.h">
      <Filter>shared</Filter>
    </ClInclude>
    <ClInclude Include="include\libEngine\shared\Vertex.h">
      <Filter>shared</Filter>
    </ClInclude>
    <ClInclude Include="include\libEngine\utils\macro.h">
      <Filter>utils</Filter>
    </ClInclude>
    <ClInclude Include="include\libEngine\utils\eigen.h">
      <Filter>utils</Filter>
    </ClInclude>
    <ClInclude Include="include\libEngine\opengl\glMeshBuffer.h">
      <Filter>opengl</Filter>
    </ClInclude>
    <ClInclude Include="include\libEngine\opengl\glShaderBuffer.h">
      <Filter>opengl</Filter>
    </ClInclude>
    <ClInclude Include="include\libEngine\shared\RendererBase.h">
      <Filter>shared</Filter>
    </ClInclude>
    <ClInclude Include="include\libEngine\opengl\glRenderer.h">
      <Filter>opengl</Filter>
    </ClInclude>
    <ClInclude Include="include\libEngine\utils\toybox.h">
      <Filter>utils</Filter>
    </ClInclude>
    <ClInclude Include="include\libEngine\API.h" />
    <ClInclude Include="include\libEngine\opengl\glMesh.h">
      <Filter>opengl</Filter>
    </ClInclude>
    <ClInclude Include="include\libEngine\dx11\dxMesh.h">
      <Filter>dx11</Filter>
    </ClInclude>
    <ClInclude Include="include\libEngine\dx11\dxMeshBuffer.h">
      <Filter>dx11</Filter>
    </ClInclude>
    <ClInclude Include="include\libEngine\dx11\dxRenderer.h">
      <Filter>dx11</Filter>
    </ClInclude>
    <ClInclude Include="include\libEngine\dx11\dxShaderBuffer.h">
      <Filter>dx11</Filter>
    </ClInclude>
    <ClInclude Include="include\libEngine\dx11\dxConstantBuffer.h">
      <Filter>dx11</Filter>
    </ClInclude>
    <ClInclude Include="include\libEngine\opengl\glTexture.h">
      <Filter>opengl</Filter>
    </ClInclude>
    <ClInclude Include="include\libEngine\shared\TextureBufferBase.h">
      <Filter>shared</Filter>
    </ClInclude>
    <ClInclude Include="include\libEngine\dx11\dxTexture.h">
      <Filter>dx11</Filter>
    </ClInclude>
    <ClInclude Include="include\libEngine\dx11\dxMemoryDB.h">
      <Filter>dx11</Filter>
    </ClInclude>
    <ClInclude Include="include\libEngine\shared\ConstantBuffer.h">
      <Filter>shared</Filter>
    </ClInclude>
    <ClInclude Include="include\libEngine\opengl\glConstantBuffer.h">
      <Filter>opengl</Filter>
    </ClInclude>
    <ClInclude Include="include\libEngine\opengl\glMemoryDB.h">
      <Filter>opengl</Filter>
    </ClInclude>
    <ClInclude Include="include\libEngine\shared\CubeMapBase.h">
      <Filter>shared</Filter>
    </ClInclude>
    <ClInclude Include="include\libEngine\dx11\dxCubemap.h">
      <Filter>dx11</Filter>
    </ClInclude>
    <ClInclude Include="include\libEngine\model\BlinnPhongEffect.h">
      <Filter>model</Filter>
    </ClInclude>
    <ClInclude Include="include\libEngine\model\CubemapEffect.h">
      <Filter>model</Filter>
    </ClInclude>
    <ClInclude Include="include\libEngine\model\NormalEffect.h">
      <Filter>model</Filter>
    </ClInclude>
    <ClInclude Include="include\libEngine\model\ConstBase.h">
      <Filter>model</Filter>
    </ClInclude>
    <ClInclude Include="include\libEngine\opengl\glCubemap.h">
      <Filter>opengl</Filter>
    </ClInclude>
  </ItemGroup>
  <ItemGroup>
    <Filter Include="dx11">
      <UniqueIdentifier>{3f6e6640-7a9a-4e39-8652-9de242cc8cad}</UniqueIdentifier>
    </Filter>
    <Filter Include="opengl">
      <UniqueIdentifier>{4fd97eae-b1a9-4b4b-9508-a923ef9a84e0}</UniqueIdentifier>
    </Filter>
    <Filter Include="vulkan">
      <UniqueIdentifier>{31e59f46-3faf-43ba-9e75-0343d893d81e}</UniqueIdentifier>
    </Filter>
    <Filter Include="shared">
      <UniqueIdentifier>{4f8776db-e146-4d7a-a436-857568c0c186}</UniqueIdentifier>
    </Filter>
    <Filter Include="utils">
      <UniqueIdentifier>{324183fa-2cf8-447d-bf48-f9ff4663f628}</UniqueIdentifier>
    </Filter>
    <Filter Include="model">
      <UniqueIdentifier>{de66fd5f-9c2a-4f75-aa8d-0b13d61eab38}</UniqueIdentifier>
    </Filter>
  </ItemGroup>
  <ItemGroup>
    <None Include="include\libEngine\dx11\dxConstantBuffer.tpp">
      <Filter>dx11</Filter>
    </None>
    <None Include="include\libEngine\shared\ConstantBuffer.tpp">
      <Filter>shared</Filter>
    </None>
    <None Include="include\libEngine\opengl\glConstantBuffer.tpp">
      <Filter>opengl</Filter>
    </None>
    <None Include="include\libEngine\opengl\glMemoryDB.cpp">
      <Filter>opengl</Filter>
    </None>
  </ItemGroup>
</Project>